{
  "name": "api",
  "version": "1.0.0",
  "lockfileVersion": 2,
  "requires": true,
  "packages": {
    "": {
      "version": "1.0.0",
      "license": "MIT",
      "dependencies": {
        "@prisma/client": "3.11.0"
      },
      "devDependencies": {
        "@azure/functions": "^3.0.0",
        "prisma": "3.11.0"
      }
    },
    "node_modules/@azure/functions": {
      "version": "3.0.0",
      "resolved": "https://registry.npmjs.org/@azure/functions/-/functions-3.0.0.tgz",
      "integrity": "sha512-nxOdQdYoy9JEdAPsQlBWavsRvbH5qT2fpwMcY64s1sLIT8QwtW7ebh/MJNgzeAac+JaC6IED7plDiizq8oZUNw==",
      "dev": true
    },
    "node_modules/@prisma/client": {
      "version": "3.11.0",
      "resolved": "https://registry.npmjs.org/@prisma/client/-/client-3.11.0.tgz",
      "integrity": "sha512-d42o/tlalaWMmNOR4r5BiR6YYTYEV82eZ2lNKOm5ht3WyYwI9e+zy2MyZnNO4Fx5e08RAhW+GRVcEgKl5faUaQ==",
      "hasInstallScript": true,
      "dependencies": {
        "@prisma/engines-version": "3.11.0-48.b371888aaf8f51357c7457d836b86d12da91658b"
      },
      "engines": {
        "node": ">=12.6"
      },
      "peerDependencies": {
        "prisma": "*"
      },
      "peerDependenciesMeta": {
        "prisma": {
          "optional": true
        }
      }
    },
    "node_modules/@prisma/engines": {
      "version": "3.11.0-48.b371888aaf8f51357c7457d836b86d12da91658b",
      "resolved": "https://registry.npmjs.org/@prisma/engines/-/engines-3.11.0-48.b371888aaf8f51357c7457d836b86d12da91658b.tgz",
      "integrity": "sha512-m9iZd5F5vP6A2IvKWfHpOO/qK8OOO9nbsV/pdyEkF/1WNe0E8SIWFBKb+HcMLkG9OFbDDBy8QItXmp/mIULuwQ==",
      "devOptional": true,
      "hasInstallScript": true
    },
    "node_modules/@prisma/engines-version": {
      "version": "3.11.0-48.b371888aaf8f51357c7457d836b86d12da91658b",
      "resolved": "https://registry.npmjs.org/@prisma/engines-version/-/engines-version-3.11.0-48.b371888aaf8f51357c7457d836b86d12da91658b.tgz",
      "integrity": "sha512-bhMW1XybXZyqCf+9QqjP7Oi7xgVHcISVyOZNMm51qeZsy12M1RtHaCcXUFeMMV0JOCZZuPFVr3+0KVpQqK35CQ=="
    },
    "node_modules/prisma": {
      "version": "3.11.0",
      "resolved": "https://registry.npmjs.org/prisma/-/prisma-3.11.0.tgz",
      "integrity": "sha512-8SdsLPhKR3mOfoo2o73h9mNn3v5kA/RqGA26Sv6qDS78Eh2uepPqt5e8/nwj5EOblYm5HEGuitaXQrOCLb6uTw==",
      "devOptional": true,
      "hasInstallScript": true,
      "dependencies": {
        "@prisma/engines": "3.11.0-48.b371888aaf8f51357c7457d836b86d12da91658b"
      },
      "bin": {
        "prisma": "build/index.js",
        "prisma2": "build/index.js"
      },
      "engines": {
        "node": ">=12.6"
      }
    }
  },
  "dependencies": {
    "@azure/functions": {
      "version": "3.0.0",
      "resolved": "https://registry.npmjs.org/@azure/functions/-/functions-3.0.0.tgz",
      "integrity": "sha512-nxOdQdYoy9JEdAPsQlBWavsRvbH5qT2fpwMcY64s1sLIT8QwtW7ebh/MJNgzeAac+JaC6IED7plDiizq8oZUNw==",
      "dev": true
    },
    "@prisma/client": {
      "version": "3.11.0",
      "resolved": "https://registry.npmjs.org/@prisma/client/-/client-3.11.0.tgz",
      "integrity": "sha512-d42o/tlalaWMmNOR4r5BiR6YYTYEV82eZ2lNKOm5ht3WyYwI9e+zy2MyZnNO4Fx5e08RAhW+GRVcEgKl5faUaQ==",
      "requires": {
        "@prisma/engines-version": "3.11.0-48.b371888aaf8f51357c7457d836b86d12da91658b"
      }
    },
    "@prisma/engines": {
      "version": "3.11.0-48.b371888aaf8f51357c7457d836b86d12da91658b",
      "resolved": "https://registry.npmjs.org/@prisma/engines/-/engines-3.11.0-48.b371888aaf8f51357c7457d836b86d12da91658b.tgz",
      "integrity": "sha512-m9iZd5F5vP6A2IvKWfHpOO/qK8OOO9nbsV/pdyEkF/1WNe0E8SIWFBKb+HcMLkG9OFbDDBy8QItXmp/mIULuwQ==",
      "devOptional": true
    },
    "@prisma/engines-version": {
      "version": "3.11.0-48.b371888aaf8f51357c7457d836b86d12da91658b",
      "resolved": "https://registry.npmjs.org/@prisma/engines-version/-/engines-version-3.11.0-48.b371888aaf8f51357c7457d836b86d12da91658b.tgz",
      "integrity": "sha512-bhMW1XybXZyqCf+9QqjP7Oi7xgVHcISVyOZNMm51qeZsy12M1RtHaCcXUFeMMV0JOCZZuPFVr3+0KVpQqK35CQ=="
    },
    "prisma": {
      "version": "3.11.0",
      "resolved": "https://registry.npmjs.org/prisma/-/prisma-3.11.0.tgz",
      "integrity": "sha512-8SdsLPhKR3mOfoo2o73h9mNn3v5kA/RqGA26Sv6qDS78Eh2uepPqt5e8/nwj5EOblYm5HEGuitaXQrOCLb6uTw==",
      "devOptional": true,
      "requires": {
        "@prisma/engines": "3.11.0-48.b371888aaf8f51357c7457d836b86d12da91658b"
      }
    }
  }
}
