{
  "name": "api",
  "version": "1.0.0",
  "lockfileVersion": 2,
  "requires": true,
  "packages": {
    "": {
      "version": "1.0.0",
      "license": "MIT",
      "dependencies": {
        "@prisma/client": "^3.11.0",
        "prisma": "^3.11.0"
      },
      "devDependencies": {
        "@azure/functions": "^3.0.0"
      }
    },
    "node_modules/@azure/functions": {
      "version": "3.0.0",
      "resolved": "https://registry.npmjs.org/@azure/functions/-/functions-3.0.0.tgz",
      "integrity": "sha512-nxOdQdYoy9JEdAPsQlBWavsRvbH5qT2fpwMcY64s1sLIT8QwtW7ebh/MJNgzeAac+JaC6IED7plDiizq8oZUNw==",
      "dev": true
    },
    "node_modules/@prisma/client": {
      "version": "3.11.1",
      "resolved": "https://registry.npmjs.org/@prisma/client/-/client-3.11.1.tgz",
      "integrity": "sha512-B3C7zQG4HbjJzUr2Zg9UVkBJutbqq9/uqkl1S138+keZCubJrwizx3RuIvGwI+s+pm3qbsyNqXiZgL3Ir0fSng==",
      "hasInstallScript": true,
      "dependencies": {
        "@prisma/engines-version": "3.11.1-1.1a2506facaf1a4727b7c26850735e88ec779dee9"
      },
      "engines": {
        "node": ">=12.6"
      },
      "peerDependencies": {
        "prisma": "*"
      },
      "peerDependenciesMeta": {
        "prisma": {
          "optional": true
        }
      }
    },
    "node_modules/@prisma/engines": {
      "version": "3.11.1-1.1a2506facaf1a4727b7c26850735e88ec779dee9",
      "resolved": "https://registry.npmjs.org/@prisma/engines/-/engines-3.11.1-1.1a2506facaf1a4727b7c26850735e88ec779dee9.tgz",
      "integrity": "sha512-MILbsGnvmnhCbFGa2/iSnsyGyazU3afzD7ldjCIeLIGKkNBMSZgA2IvpYsAXl+6qFHKGrS3B2otKfV31dwMSQw==",
      "hasInstallScript": true
    },
    "node_modules/@prisma/engines-version": {
      "version": "3.11.1-1.1a2506facaf1a4727b7c26850735e88ec779dee9",
      "resolved": "https://registry.npmjs.org/@prisma/engines-version/-/engines-version-3.11.1-1.1a2506facaf1a4727b7c26850735e88ec779dee9.tgz",
      "integrity": "sha512-HkcsDniA4iNb/gi0iuyOJNAM7nD/LwQ0uJm15v360O5dee3TM4lWdSQiTYBMK6FF68ACUItmzSur7oYuUZ2zkQ=="
    },
    "node_modules/prisma": {
      "version": "3.11.1",
      "resolved": "https://registry.npmjs.org/prisma/-/prisma-3.11.1.tgz",
      "integrity": "sha512-aYn8bQwt1xwR2oSsVNHT4PXU7EhsThIwmpNB/MNUaaMx5OPLTro6VdNJe/sJssXFLxhamfWeMjwmpXjljo6xkg==",
      "hasInstallScript": true,
      "license": "Apache-2.0",
      "dependencies": {
        "@prisma/engines": "3.11.1-1.1a2506facaf1a4727b7c26850735e88ec779dee9"
      },
      "bin": {
        "prisma": "build/index.js",
        "prisma2": "build/index.js"
      },
      "engines": {
        "node": ">=12.6"
      }
    }
  },
  "dependencies": {
    "@azure/functions": {
      "version": "3.0.0",
      "resolved": "https://registry.npmjs.org/@azure/functions/-/functions-3.0.0.tgz",
      "integrity": "sha512-nxOdQdYoy9JEdAPsQlBWavsRvbH5qT2fpwMcY64s1sLIT8QwtW7ebh/MJNgzeAac+JaC6IED7plDiizq8oZUNw==",
      "dev": true
    },
    "@prisma/client": {
      "version": "3.11.1",
      "resolved": "https://registry.npmjs.org/@prisma/client/-/client-3.11.1.tgz",
      "integrity": "sha512-B3C7zQG4HbjJzUr2Zg9UVkBJutbqq9/uqkl1S138+keZCubJrwizx3RuIvGwI+s+pm3qbsyNqXiZgL3Ir0fSng==",
      "requires": {
        "@prisma/engines-version": "3.11.1-1.1a2506facaf1a4727b7c26850735e88ec779dee9"
      }
    },
    "@prisma/engines": {
      "version": "3.11.1-1.1a2506facaf1a4727b7c26850735e88ec779dee9",
      "resolved": "https://registry.npmjs.org/@prisma/engines/-/engines-3.11.1-1.1a2506facaf1a4727b7c26850735e88ec779dee9.tgz",
      "integrity": "sha512-MILbsGnvmnhCbFGa2/iSnsyGyazU3afzD7ldjCIeLIGKkNBMSZgA2IvpYsAXl+6qFHKGrS3B2otKfV31dwMSQw=="
    },
    "@prisma/engines-version": {
      "version": "3.11.1-1.1a2506facaf1a4727b7c26850735e88ec779dee9",
      "resolved": "https://registry.npmjs.org/@prisma/engines-version/-/engines-version-3.11.1-1.1a2506facaf1a4727b7c26850735e88ec779dee9.tgz",
      "integrity": "sha512-HkcsDniA4iNb/gi0iuyOJNAM7nD/LwQ0uJm15v360O5dee3TM4lWdSQiTYBMK6FF68ACUItmzSur7oYuUZ2zkQ=="
    },
    "prisma": {
      "version": "3.11.1",
      "resolved": "https://registry.npmjs.org/prisma/-/prisma-3.11.1.tgz",
      "integrity": "sha512-aYn8bQwt1xwR2oSsVNHT4PXU7EhsThIwmpNB/MNUaaMx5OPLTro6VdNJe/sJssXFLxhamfWeMjwmpXjljo6xkg==",
      "requires": {
        "@prisma/engines": "3.11.1-1.1a2506facaf1a4727b7c26850735e88ec779dee9"
      }
    }
  }
}
