{
  "name": "api",
  "version": "1.0.0",
  "lockfileVersion": 2,
  "requires": true,
  "packages": {
    "": {
      "name": "api",
      "version": "1.0.0",
      "license": "MIT",
      "dependencies": {
        "@prisma/client": "^4.6.0"
      },
      "devDependencies": {
        "@azure/functions": "^3.2.0",
        "prisma": "^4.6.0"
      }
    },
    "node_modules/@azure/functions": {
      "version": "3.2.0",
      "resolved": "https://registry.npmjs.org/@azure/functions/-/functions-3.2.0.tgz",
      "integrity": "sha512-HbE7iORnYcjLzKNf5mIQRJQDTsVxhoXHRWEZ6KWdGh4e7+F9xTloiBicavbSoVmlAYivenIVpryHanVwsQaHUw==",
      "dev": true
    },
    "node_modules/@prisma/client": {
      "version": "4.6.0",
      "resolved": "https://registry.npmjs.org/@prisma/client/-/client-4.6.0.tgz",
      "integrity": "sha512-D9LaQinDxOHinRpcJTw2tjMtjhc9HTP+aF1IRd2oLldp/8TiwIfxK8x17OhBBiX4y1PzbJXXET7kS+5wB3es/w==",
      "hasInstallScript": true,
      "dependencies": {
        "@prisma/engines-version": "4.6.0-53.2e719efb80b56a3f32d18a62489de95bb9c130e3"
      },
      "engines": {
        "node": ">=14.17"
      },
      "peerDependencies": {
        "prisma": "*"
      },
      "peerDependenciesMeta": {
        "prisma": {
          "optional": true
        }
      }
    },
    "node_modules/@prisma/engines": {
      "version": "4.6.0",
      "resolved": "https://registry.npmjs.org/@prisma/engines/-/engines-4.6.0.tgz",
      "integrity": "sha512-S+72PAl0zTCbIGou1uXD/McvzdtP+bjOs0LRmGZfcOQcVqR9x/0f6Z+dqpUU0zIcqHEl+0DOB8UXaTwRvssFsQ==",
      "dev": true,
      "hasInstallScript": true
    },
    "node_modules/@prisma/engines-version": {
      "version": "4.6.0-53.2e719efb80b56a3f32d18a62489de95bb9c130e3",
      "resolved": "https://registry.npmjs.org/@prisma/engines-version/-/engines-version-4.6.0-53.2e719efb80b56a3f32d18a62489de95bb9c130e3.tgz",
      "integrity": "sha512-0CTnfEuUbLlO6n1fM89ERDbSwI4LoyZn+1OKVSwG+aVqohj34+mXRfwOWIM0ONtYtLGGBpddvQAnAZkg+cgS6g=="
    },
    "node_modules/prisma": {
      "version": "4.6.0",
      "resolved": "https://registry.npmjs.org/prisma/-/prisma-4.6.0.tgz",
      "integrity": "sha512-TAnObUMGCM9NLt9nsRs1WWYQGPKsJOK8bN/7gSAnBcYIxMCFFDe+XtFYJbyTzsJZ/i+0rH4zg8au3m7HX354LA==",
      "dev": true,
      "hasInstallScript": true,
      "dependencies": {
        "@prisma/engines": "4.6.0"
      },
      "bin": {
        "prisma": "build/index.js",
        "prisma2": "build/index.js"
      },
      "engines": {
        "node": ">=14.17"
      }
    }
  },
  "dependencies": {
    "@azure/functions": {
      "version": "3.2.0",
      "resolved": "https://registry.npmjs.org/@azure/functions/-/functions-3.2.0.tgz",
      "integrity": "sha512-HbE7iORnYcjLzKNf5mIQRJQDTsVxhoXHRWEZ6KWdGh4e7+F9xTloiBicavbSoVmlAYivenIVpryHanVwsQaHUw==",
      "dev": true
    },
    "@prisma/client": {
      "version": "4.6.0",
      "resolved": "https://registry.npmjs.org/@prisma/client/-/client-4.6.0.tgz",
      "integrity": "sha512-D9LaQinDxOHinRpcJTw2tjMtjhc9HTP+aF1IRd2oLldp/8TiwIfxK8x17OhBBiX4y1PzbJXXET7kS+5wB3es/w==",
      "requires": {
        "@prisma/engines-version": "4.6.0-53.2e719efb80b56a3f32d18a62489de95bb9c130e3"
      }
    },
    "@prisma/engines": {
      "version": "4.6.0",
      "resolved": "https://registry.npmjs.org/@prisma/engines/-/engines-4.6.0.tgz",
      "integrity": "sha512-S+72PAl0zTCbIGou1uXD/McvzdtP+bjOs0LRmGZfcOQcVqR9x/0f6Z+dqpUU0zIcqHEl+0DOB8UXaTwRvssFsQ==",
      "dev": true
    },
    "@prisma/engines-version": {
      "version": "4.6.0-53.2e719efb80b56a3f32d18a62489de95bb9c130e3",
      "resolved": "https://registry.npmjs.org/@prisma/engines-version/-/engines-version-4.6.0-53.2e719efb80b56a3f32d18a62489de95bb9c130e3.tgz",
      "integrity": "sha512-0CTnfEuUbLlO6n1fM89ERDbSwI4LoyZn+1OKVSwG+aVqohj34+mXRfwOWIM0ONtYtLGGBpddvQAnAZkg+cgS6g=="
    },
    "prisma": {
      "version": "4.6.0",
      "resolved": "https://registry.npmjs.org/prisma/-/prisma-4.6.0.tgz",
      "integrity": "sha512-TAnObUMGCM9NLt9nsRs1WWYQGPKsJOK8bN/7gSAnBcYIxMCFFDe+XtFYJbyTzsJZ/i+0rH4zg8au3m7HX354LA==",
      "dev": true,
      "requires": {
        "@prisma/engines": "4.6.0"
      }
    }
  }
}
